
Microsoft Visual Studio Solution File, Format Version 12.00
# Visual Studio Version 16
VisualStudioVersion = 16.0.30204.135
MinimumVisualStudioVersion = 10.0.40219.1
Project("{2150E333-8FDC-42A3-9474-1A3956D46DE8}") = "01. Client", "01. Client", "{152D488B-6617-4389-BE80-3242F6EF245B}"
EndProject
Project("{2150E333-8FDC-42A3-9474-1A3956D46DE8}") = "02. Api", "02. Api", "{3CA9BD0B-7DC7-4D2C-AE6C-A58EEFB3C375}"
EndProject
Project("{2150E333-8FDC-42A3-9474-1A3956D46DE8}") = "03. Service", "03. Service", "{9E502E4F-578D-4A51-9711-A2FBD595080A}"
EndProject
Project("{2150E333-8FDC-42A3-9474-1A3956D46DE8}") = "04. Persistence", "04. Persistence", "{7F07554F-7527-481D-A785-1F88D5D8E956}"
EndProject
Project("{2150E333-8FDC-42A3-9474-1A3956D46DE8}") = "05. Model", "05. Model", "{DFC33B95-5A69-4A92-979D-62E476FF2CE0}"
EndProject
Project("{9A19103F-16F7-4668-BE54-9A1E7A4F7556}") = "SPA.Client", "src\SPA.Client\SPA.Client.csproj", "{0083D845-5623-489A-AC73-C5961C07099F}"
EndProject
Project("{9A19103F-16F7-4668-BE54-9A1E7A4F7556}") = "Core.Api", "src\Core.Api\Core.Api.csproj", "{8DE77043-805A-41DB-A239-5109BC74AA00}"
EndProject
Project("{9A19103F-16F7-4668-BE54-9A1E7A4F7556}") = "Service", "src\Service\Service.csproj", "{7DAB709F-FB07-420B-AACC-4C7D4467ADE0}"
EndProject
Project("{9A19103F-16F7-4668-BE54-9A1E7A4F7556}") = "Persistence.Database", "src\Persistence.Database\Persistence.Database.csproj", "{B3C212A5-0C0A-46E0-94BA-AC5D833D175B}"
EndProject
Project("{9A19103F-16F7-4668-BE54-9A1E7A4F7556}") = "Model", "src\Model\Model.csproj", "{20223A38-3EC0-47AB-A59F-EACD365665DB}"
EndProject
Project("{9A19103F-16F7-4668-BE54-9A1E7A4F7556}") = "Model.DTOs", "src\Model.DTOs\Model.DTOs.csproj", "{A1799F37-E987-4C8D-B436-16D87125FC78}"
EndProject
Project("{2150E333-8FDC-42A3-9474-1A3956D46DE8}") = "06. Common", "06. Common", "{849632AD-4118-43C8-B7D9-9932C9200422}"
EndProject
Project("{FAE04EC0-301F-11D3-BF4B-00C04F79EFBC}") = "Common", "src\Common\Common.csproj", "{E7325F39-AF89-4563-B3FE-A9DFBFF043A0}"
EndProject
Global
	GlobalSection(SolutionConfigurationPlatforms) = preSolution
		Debug|Any CPU = Debug|Any CPU
		Release|Any CPU = Release|Any CPU
	EndGlobalSection
	GlobalSection(ProjectConfigurationPlatforms) = postSolution
		{0083D845-5623-489A-AC73-C5961C07099F}.Debug|Any CPU.ActiveCfg = Debug|Any CPU
		{0083D845-5623-489A-AC73-C5961C07099F}.Debug|Any CPU.Build.0 = Debug|Any CPU
		{0083D845-5623-489A-AC73-C5961C07099F}.Release|Any CPU.ActiveCfg = Release|Any CPU
		{0083D845-5623-489A-AC73-C5961C07099F}.Release|Any CPU.Build.0 = Release|Any CPU
		{8DE77043-805A-41DB-A239-5109BC74AA00}.Debug|Any CPU.ActiveCfg = Debug|Any CPU
		{8DE77043-805A-41DB-A239-5109BC74AA00}.Debug|Any CPU.Build.0 = Debug|Any CPU
		{8DE77043-805A-41DB-A239-5109BC74AA00}.Release|Any CPU.ActiveCfg = Release|Any CPU
		{8DE77043-805A-41DB-A239-5109BC74AA00}.Release|Any CPU.Build.0 = Release|Any CPU
		{7DAB709F-FB07-420B-AACC-4C7D4467ADE0}.Debug|Any CPU.ActiveCfg = Debug|Any CPU
		{7DAB709F-FB07-420B-AACC-4C7D4467ADE0}.Debug|Any CPU.Build.0 = Debug|Any CPU
		{7DAB709F-FB07-420B-AACC-4C7D4467ADE0}.Release|Any CPU.ActiveCfg = Release|Any CPU
		{7DAB709F-FB07-420B-AACC-4C7D4467ADE0}.Release|Any CPU.Build.0 = Release|Any CPU
		{B3C212A5-0C0A-46E0-94BA-AC5D833D175B}.Debug|Any CPU.ActiveCfg = Debug|Any CPU
		{B3C212A5-0C0A-46E0-94BA-AC5D833D175B}.Debug|Any CPU.Build.0 = Debug|Any CPU
		{B3C212A5-0C0A-46E0-94BA-AC5D833D175B}.Release|Any CPU.ActiveCfg = Release|Any CPU
		{B3C212A5-0C0A-46E0-94BA-AC5D833D175B}.Release|Any CPU.Build.0 = Release|Any CPU
		{20223A38-3EC0-47AB-A59F-EACD365665DB}.Debug|Any CPU.ActiveCfg = Debug|Any CPU
		{20223A38-3EC0-47AB-A59F-EACD365665DB}.Debug|Any CPU.Build.0 = Debug|Any CPU
		{20223A38-3EC0-47AB-A59F-EACD365665DB}.Release|Any CPU.ActiveCfg = Release|Any CPU
		{20223A38-3EC0-47AB-A59F-EACD365665DB}.Release|Any CPU.Build.0 = Release|Any CPU
		{A1799F37-E987-4C8D-B436-16D87125FC78}.Debug|Any CPU.ActiveCfg = Debug|Any CPU
		{A1799F37-E987-4C8D-B436-16D87125FC78}.Debug|Any CPU.Build.0 = Debug|Any CPU
		{A1799F37-E987-4C8D-B436-16D87125FC78}.Release|Any CPU.ActiveCfg = Release|Any CPU
		{A1799F37-E987-4C8D-B436-16D87125FC78}.Release|Any CPU.Build.0 = Release|Any CPU
		{E7325F39-AF89-4563-B3FE-A9DFBFF043A0}.Debug|Any CPU.ActiveCfg = Debug|Any CPU
		{E7325F39-AF89-4563-B3FE-A9DFBFF043A0}.Debug|Any CPU.Build.0 = Debug|Any CPU
		{E7325F39-AF89-4563-B3FE-A9DFBFF043A0}.Release|Any CPU.ActiveCfg = Release|Any CPU
		{E7325F39-AF89-4563-B3FE-A9DFBFF043A0}.Release|Any CPU.Build.0 = Release|Any CPU
	EndGlobalSection
	GlobalSection(SolutionProperties) = preSolution
		HideSolutionNode = FALSE
	EndGlobalSection
	GlobalSection(NestedProjects) = preSolution
		{0083D845-5623-489A-AC73-C5961C07099F} = {152D488B-6617-4389-BE80-3242F6EF245B}
		{8DE77043-805A-41DB-A239-5109BC74AA00} = {3CA9BD0B-7DC7-4D2C-AE6C-A58EEFB3C375}
		{7DAB709F-FB07-420B-AACC-4C7D4467ADE0} = {9E502E4F-578D-4A51-9711-A2FBD595080A}
		{B3C212A5-0C0A-46E0-94BA-AC5D833D175B} = {7F07554F-7527-481D-A785-1F88D5D8E956}
		{20223A38-3EC0-47AB-A59F-EACD365665DB} = {DFC33B95-5A69-4A92-979D-62E476FF2CE0}
		{A1799F37-E987-4C8D-B436-16D87125FC78} = {DFC33B95-5A69-4A92-979D-62E476FF2CE0}
		{E7325F39-AF89-4563-B3FE-A9DFBFF043A0} = {849632AD-4118-43C8-B7D9-9932C9200422}
	EndGlobalSection
	GlobalSection(ExtensibilityGlobals) = postSolution
		SolutionGuid = {AB6B9B87-8103-4F6E-8F2C-44E5AC7FFE84}
	EndGlobalSection
EndGlobal
